
Microsoft Visual Studio Solution File, Format Version 12.00
# Visual Studio 15
VisualStudioVersion = 15.0.26730.10
MinimumVisualStudioVersion = 10.0.40219.1
Project("{6EC3EE1D-3C4E-46DD-8F32-0CC8E7565705}") = "Hashids", "Hashids\Hashids.fsproj", "{598173D9-1664-48C4-AE0A-F3A452C19C42}"
EndProject
Project("{6EC3EE1D-3C4E-46DD-8F32-0CC8E7565705}") = "Hashids.Tests", "Hashids.Tests\Hashids.Tests.fsproj", "{AC12BAFA-120C-466B-A85D-C83B03C5E934}"
EndProject
Project("{2150E333-8FDC-42A3-9474-1A3956D46DE8}") = "Solution Items", "Solution Items", "{B8DCFC49-1155-4011-B785-51D78B046EDE}"
	ProjectSection(SolutionItems) = preProject
		..\LICENSE = ..\LICENSE
		..\README.md = ..\README.md
	EndProjectSection
EndProject
Global
	GlobalSection(SolutionConfigurationPlatforms) = preSolution
		Debug|Any CPU = Debug|Any CPU
		Release|Any CPU = Release|Any CPU
	EndGlobalSection
	GlobalSection(ProjectConfigurationPlatforms) = postSolution
		{598173D9-1664-48C4-AE0A-F3A452C19C42}.Debug|Any CPU.ActiveCfg = Debug|Any CPU
		{598173D9-1664-48C4-AE0A-F3A452C19C42}.Debug|Any CPU.Build.0 = Debug|Any CPU
		{598173D9-1664-48C4-AE0A-F3A452C19C42}.Release|Any CPU.ActiveCfg = Release|Any CPU
		{598173D9-1664-48C4-AE0A-F3A452C19C42}.Release|Any CPU.Build.0 = Release|Any CPU
		{AC12BAFA-120C-466B-A85D-C83B03C5E934}.Debug|Any CPU.ActiveCfg = Debug|Any CPU
		{AC12BAFA-120C-466B-A85D-C83B03C5E934}.Debug|Any CPU.Build.0 = Debug|Any CPU
		{AC12BAFA-120C-466B-A85D-C83B03C5E934}.Release|Any CPU.ActiveCfg = Release|Any CPU
		{AC12BAFA-120C-466B-A85D-C83B03C5E934}.Release|Any CPU.Build.0 = Release|Any CPU
	EndGlobalSection
	GlobalSection(SolutionProperties) = preSolution
		HideSolutionNode = FALSE
	EndGlobalSection
	GlobalSection(ExtensibilityGlobals) = postSolution
		SolutionGuid = {9C3A40BF-DE03-4802-9727-DF99B64CD2E2}
	EndGlobalSection
EndGlobal
