
Microsoft Visual Studio Solution File, Format Version 12.00
# Visual Studio 14
VisualStudioVersion = 14.0.23107.0
MinimumVisualStudioVersion = 10.0.40219.1
Project("{F2A71F9B-5D33-465A-A702-920D77279786}") = "Hashids", "Hashids\Hashids.fsproj", "{598173D9-1664-48C4-AE0A-F3A452C19C42}"
EndProject
Project("{F2A71F9B-5D33-465A-A702-920D77279786}") = "Hashids.Tests", "Hashids.Tests\Hashids.Tests.fsproj", "{AC12BAFA-120C-466B-A85D-C83B03C5E934}"
EndProject
Project("{2150E333-8FDC-42A3-9474-1A3956D46DE8}") = "Solution Items", "Solution Items", "{B8DCFC49-1155-4011-B785-51D78B046EDE}"
	ProjectSection(SolutionItems) = preProject
		build.bat = build.bat
		build.fsx = build.fsx
		..\README.md = ..\README.md
	EndProjectSection
EndProject
Project("{2150E333-8FDC-42A3-9474-1A3956D46DE8}") = ".nuget", ".nuget", "{CE6C59AE-5960-43FF-AA8D-741000F8F024}"
	ProjectSection(SolutionItems) = preProject
		.nuget\NuGet.Config = .nuget\NuGet.Config
		.nuget\NuGet.exe = .nuget\NuGet.exe
		.nuget\NuGet.targets = .nuget\NuGet.targets
		.nuget\packages.config = .nuget\packages.config
	EndProjectSection
EndProject
Global
	GlobalSection(SolutionConfigurationPlatforms) = preSolution
		Debug|Any CPU = Debug|Any CPU
		Release|Any CPU = Release|Any CPU
	EndGlobalSection
	GlobalSection(ProjectConfigurationPlatforms) = postSolution
		{598173D9-1664-48C4-AE0A-F3A452C19C42}.Debug|Any CPU.ActiveCfg = Debug|Any CPU
		{598173D9-1664-48C4-AE0A-F3A452C19C42}.Debug|Any CPU.Build.0 = Debug|Any CPU
		{598173D9-1664-48C4-AE0A-F3A452C19C42}.Release|Any CPU.ActiveCfg = Release|Any CPU
		{598173D9-1664-48C4-AE0A-F3A452C19C42}.Release|Any CPU.Build.0 = Release|Any CPU
		{AC12BAFA-120C-466B-A85D-C83B03C5E934}.Debug|Any CPU.ActiveCfg = Debug|Any CPU
		{AC12BAFA-120C-466B-A85D-C83B03C5E934}.Debug|Any CPU.Build.0 = Debug|Any CPU
		{AC12BAFA-120C-466B-A85D-C83B03C5E934}.Release|Any CPU.ActiveCfg = Release|Any CPU
		{AC12BAFA-120C-466B-A85D-C83B03C5E934}.Release|Any CPU.Build.0 = Release|Any CPU
	EndGlobalSection
	GlobalSection(SolutionProperties) = preSolution
		HideSolutionNode = FALSE
	EndGlobalSection
EndGlobal
